
Microsoft Visual Studio Solution File, Format Version 12.00
# Visual Studio Version 17
VisualStudioVersion = 17.8.34309.116
MinimumVisualStudioVersion = 10.0.40219.1
Project("{FAE04EC0-301F-11D3-BF4B-00C04F79EFBC}") = "GreenThumb", "GreenThumb\GreenThumb.csproj", "{410B2F3B-30C0-498A-AE4E-CC4FDA39C413}"
EndProject
Global
	GlobalSection(SolutionConfigurationPlatforms) = preSolution
		Debug|Any CPU = Debug|Any CPU
		Release|Any CPU = Release|Any CPU
	EndGlobalSection
	GlobalSection(ProjectConfigurationPlatforms) = postSolution
		{410B2F3B-30C0-498A-AE4E-CC4FDA39C413}.Debug|Any CPU.ActiveCfg = Debug|Any CPU
		{410B2F3B-30C0-498A-AE4E-CC4FDA39C413}.Debug|Any CPU.Build.0 = Debug|Any CPU
		{410B2F3B-30C0-498A-AE4E-CC4FDA39C413}.Release|Any CPU.ActiveCfg = Release|Any CPU
		{410B2F3B-30C0-498A-AE4E-CC4FDA39C413}.Release|Any CPU.Build.0 = Release|Any CPU
	EndGlobalSection
	GlobalSection(SolutionProperties) = preSolution
		HideSolutionNode = FALSE
	EndGlobalSection
	GlobalSection(ExtensibilityGlobals) = postSolution
		SolutionGuid = {97C031CF-32A1-49F0-94B8-167B3871CD09}
	EndGlobalSection
EndGlobal
